// !$*UTF8*$!
{
	archiveVersion = 1;
	classes = {
	};
	objectVersion = 48;
	objects = {

/* Begin PBXBuildFile section */
		1267548102C7D1842229874D /* libPods-ocmock-xcode9-test.a in Frameworks */ = {isa = PBXBuildFile; fileRef = D8A10503AE43D96BC32964FB /* libPods-ocmock-xcode9-test.a */; };
		2D56E3235B7484BB6C369C65 /* libPods-ocmock-xcode9.a in Frameworks */ = {isa = PBXBuildFile; fileRef = 05EB3436998F419F5D36B573 /* libPods-ocmock-xcode9.a */; };
		E146955F1EEA9A5100167DDA /* Thing+CoreDataClass.m in Sources */ = {isa = PBXBuildFile; fileRef = E146955C1EEA9A5100167DDA /* Thing+CoreDataClass.m */; };
		E14695601EEA9A5100167DDA /* Thing+CoreDataProperties.m in Sources */ = {isa = PBXBuildFile; fileRef = E146955E1EEA9A5100167DDA /* Thing+CoreDataProperties.m */; };
		E17E43511EEA94CF004B9546 /* AppDelegate.m in Sources */ = {isa = PBXBuildFile; fileRef = E17E43501EEA94CF004B9546 /* AppDelegate.m */; };
		E17E43541EEA94CF004B9546 /* ViewController.m in Sources */ = {isa = PBXBuildFile; fileRef = E17E43531EEA94CF004B9546 /* ViewController.m */; };
		E17E43571EEA94CF004B9546 /* Main.storyboard in Resources */ = {isa = PBXBuildFile; fileRef = E17E43551EEA94CF004B9546 /* Main.storyboard */; };
		E17E435A1EEA94CF004B9546 /* ocmock_xcode9.xcdatamodeld in Sources */ = {isa = PBXBuildFile; fileRef = E17E43581EEA94CF004B9546 /* ocmock_xcode9.xcdatamodeld */; };
		E17E435C1EEA94CF004B9546 /* Assets.xcassets in Resources */ = {isa = PBXBuildFile; fileRef = E17E435B1EEA94CF004B9546 /* Assets.xcassets */; };
		E17E435F1EEA94CF004B9546 /* LaunchScreen.storyboard in Resources */ = {isa = PBXBuildFile; fileRef = E17E435D1EEA94CF004B9546 /* LaunchScreen.storyboard */; };
		E17E43621EEA94CF004B9546 /* main.m in Sources */ = {isa = PBXBuildFile; fileRef = E17E43611EEA94CF004B9546 /* main.m */; };
		E1847A7F1EEA97A70035D45F /* ocmock_xcode9_test.m in Sources */ = {isa = PBXBuildFile; fileRef = E1847A7E1EEA97A70035D45F /* ocmock_xcode9_test.m */; };
/* End PBXBuildFile section */

/* Begin PBXContainerItemProxy section */
		E1847A811EEA97A70035D45F /* PBXContainerItemProxy */ = {
			isa = PBXContainerItemProxy;
			containerPortal = E17E43441EEA94CF004B9546 /* Project object */;
			proxyType = 1;
			remoteGlobalIDString = E17E434B1EEA94CF004B9546;
			remoteInfo = "ocmock-xcode9";
		};
/* End PBXContainerItemProxy section */

/* Begin PBXFileReference section */
		05EB3436998F419F5D36B573 /* libPods-ocmock-xcode9.a */ = {isa = PBXFileReference; explicitFileType = archive.ar; includeInIndex = 0; path = "libPods-ocmock-xcode9.a"; sourceTree = BUILT_PRODUCTS_DIR; };
		4FDD522CF9761E05195846CB /* Pods-ocmock-xcode9-test.debug.xcconfig */ = {isa = PBXFileReference; includeInIndex = 1; lastKnownFileType = text.xcconfig; name = "Pods-ocmock-xcode9-test.debug.xcconfig"; path = "Pods/Target Support Files/Pods-ocmock-xcode9-test/Pods-ocmock-xcode9-test.debug.xcconfig"; sourceTree = "<group>"; };
		65C9D9E7DA9BDBF07B82C7EA /* Pods-ocmock-xcode9.debug.xcconfig */ = {isa = PBXFileReference; includeInIndex = 1; lastKnownFileType = text.xcconfig; name = "Pods-ocmock-xcode9.debug.xcconfig"; path = "Pods/Target Support Files/Pods-ocmock-xcode9/Pods-ocmock-xcode9.debug.xcconfig"; sourceTree = "<group>"; };
		9C38FCC27267B4C6769EB12A /* Pods-ocmock-xcode9.release.xcconfig */ = {isa = PBXFileReference; includeInIndex = 1; lastKnownFileType = text.xcconfig; name = "Pods-ocmock-xcode9.release.xcconfig"; path = "Pods/Target Support Files/Pods-ocmock-xcode9/Pods-ocmock-xcode9.release.xcconfig"; sourceTree = "<group>"; };
		A86B458247B0F7524B93816B /* Pods-ocmock-xcode9-test.release.xcconfig */ = {isa = PBXFileReference; includeInIndex = 1; lastKnownFileType = text.xcconfig; name = "Pods-ocmock-xcode9-test.release.xcconfig"; path = "Pods/Target Support Files/Pods-ocmock-xcode9-test/Pods-ocmock-xcode9-test.release.xcconfig"; sourceTree = "<group>"; };
		D8A10503AE43D96BC32964FB /* libPods-ocmock-xcode9-test.a */ = {isa = PBXFileReference; explicitFileType = archive.ar; includeInIndex = 0; path = "libPods-ocmock-xcode9-test.a"; sourceTree = BUILT_PRODUCTS_DIR; };
		E146955B1EEA9A5100167DDA /* Thing+CoreDataClass.h */ = {isa = PBXFileReference; fileEncoding = 4; lastKnownFileType = sourcecode.c.h; path = "Thing+CoreDataClass.h"; sourceTree = "<group>"; };
		E146955C1EEA9A5100167DDA /* Thing+CoreDataClass.m */ = {isa = PBXFileReference; fileEncoding = 4; lastKnownFileType = sourcecode.c.objc; path = "Thing+CoreDataClass.m"; sourceTree = "<group>"; };
		E146955D1EEA9A5100167DDA /* Thing+CoreDataProperties.h */ = {isa = PBXFileReference; fileEncoding = 4; lastKnownFileType = sourcecode.c.h; path = "Thing+CoreDataProperties.h"; sourceTree = "<group>"; };
		E146955E1EEA9A5100167DDA /* Thing+CoreDataProperties.m */ = {isa = PBXFileReference; fileEncoding = 4; lastKnownFileType = sourcecode.c.objc; path = "Thing+CoreDataProperties.m"; sourceTree = "<group>"; };
		E14695611EEA9B8900167DDA /* README.md */ = {isa = PBXFileReference; lastKnownFileType = net.daringfireball.markdown; path = README.md; sourceTree = "<group>"; };
		E17E434C1EEA94CF004B9546 /* ocmock-xcode9.app */ = {isa = PBXFileReference; explicitFileType = wrapper.application; includeInIndex = 0; path = "ocmock-xcode9.app"; sourceTree = BUILT_PRODUCTS_DIR; };
		E17E434F1EEA94CF004B9546 /* AppDelegate.h */ = {isa = PBXFileReference; lastKnownFileType = sourcecode.c.h; path = AppDelegate.h; sourceTree = "<group>"; };
		E17E43501EEA94CF004B9546 /* AppDelegate.m */ = {isa = PBXFileReference; lastKnownFileType = sourcecode.c.objc; path = AppDelegate.m; sourceTree = "<group>"; };
		E17E43521EEA94CF004B9546 /* ViewController.h */ = {isa = PBXFileReference; lastKnownFileType = sourcecode.c.h; path = ViewController.h; sourceTree = "<group>"; };
		E17E43531EEA94CF004B9546 /* ViewController.m */ = {isa = PBXFileReference; lastKnownFileType = sourcecode.c.objc; path = ViewController.m; sourceTree = "<group>"; };
		E17E43561EEA94CF004B9546 /* Base */ = {isa = PBXFileReference; lastKnownFileType = file.storyboard; name = Base; path = Base.lproj/Main.storyboard; sourceTree = "<group>"; };
		E17E43591EEA94CF004B9546 /* ocmock_xcode9.xcdatamodel */ = {isa = PBXFileReference; lastKnownFileType = wrapper.xcdatamodel; path = ocmock_xcode9.xcdatamodel; sourceTree = "<group>"; };
		E17E435B1EEA94CF004B9546 /* Assets.xcassets */ = {isa = PBXFileReference; lastKnownFileType = folder.assetcatalog; path = Assets.xcassets; sourceTree = "<group>"; };
		E17E435E1EEA94CF004B9546 /* Base */ = {isa = PBXFileReference; lastKnownFileType = file.storyboard; name = Base; path = Base.lproj/LaunchScreen.storyboard; sourceTree = "<group>"; };
		E17E43601EEA94CF004B9546 /* Info.plist */ = {isa = PBXFileReference; lastKnownFileType = text.plist.xml; path = Info.plist; sourceTree = "<group>"; };
		E17E43611EEA94CF004B9546 /* main.m */ = {isa = PBXFileReference; lastKnownFileType = sourcecode.c.objc; path = main.m; sourceTree = "<group>"; };
		E1847A7C1EEA97A70035D45F /* ocmock-xcode9-test.xctest */ = {isa = PBXFileReference; explicitFileType = wrapper.cfbundle; includeInIndex = 0; path = "ocmock-xcode9-test.xctest"; sourceTree = BUILT_PRODUCTS_DIR; };
		E1847A7E1EEA97A70035D45F /* ocmock_xcode9_test.m */ = {isa = PBXFileReference; lastKnownFileType = sourcecode.c.objc; path = ocmock_xcode9_test.m; sourceTree = "<group>"; };
		E1847A801EEA97A70035D45F /* Info.plist */ = {isa = PBXFileReference; lastKnownFileType = text.plist.xml; path = Info.plist; sourceTree = "<group>"; };
/* End PBXFileReference section */

/* Begin PBXFrameworksBuildPhase section */
		E17E43491EEA94CF004B9546 /* Frameworks */ = {
			isa = PBXFrameworksBuildPhase;
			buildActionMask = 2147483647;
			files = (
				2D56E3235B7484BB6C369C65 /* libPods-ocmock-xcode9.a in Frameworks */,
			);
			runOnlyForDeploymentPostprocessing = 0;
		};
		E1847A791EEA97A70035D45F /* Frameworks */ = {
			isa = PBXFrameworksBuildPhase;
			buildActionMask = 2147483647;
			files = (
				1267548102C7D1842229874D /* libPods-ocmock-xcode9-test.a in Frameworks */,
			);
			runOnlyForDeploymentPostprocessing = 0;
		};
/* End PBXFrameworksBuildPhase section */

/* Begin PBXGroup section */
		22993ACAE28B73F8454534E6 /* Frameworks */ = {
			isa = PBXGroup;
			children = (
				05EB3436998F419F5D36B573 /* libPods-ocmock-xcode9.a */,
				D8A10503AE43D96BC32964FB /* libPods-ocmock-xcode9-test.a */,
			);
			name = Frameworks;
			sourceTree = "<group>";
		};
		8309B7277333D2FF99EF4C7B /* Pods */ = {
			isa = PBXGroup;
			children = (
				65C9D9E7DA9BDBF07B82C7EA /* Pods-ocmock-xcode9.debug.xcconfig */,
				9C38FCC27267B4C6769EB12A /* Pods-ocmock-xcode9.release.xcconfig */,
				4FDD522CF9761E05195846CB /* Pods-ocmock-xcode9-test.debug.xcconfig */,
				A86B458247B0F7524B93816B /* Pods-ocmock-xcode9-test.release.xcconfig */,
			);
			name = Pods;
			sourceTree = "<group>";
		};
		E17E43431EEA94CF004B9546 = {
			isa = PBXGroup;
			children = (
				E14695611EEA9B8900167DDA /* README.md */,
				E17E434E1EEA94CF004B9546 /* ocmock-xcode9 */,
				E1847A7D1EEA97A70035D45F /* ocmock-xcode9-test */,
				E17E434D1EEA94CF004B9546 /* Products */,
				8309B7277333D2FF99EF4C7B /* Pods */,
				22993ACAE28B73F8454534E6 /* Frameworks */,
			);
			sourceTree = "<group>";
		};
		E17E434D1EEA94CF004B9546 /* Products */ = {
			isa = PBXGroup;
			children = (
				E17E434C1EEA94CF004B9546 /* ocmock-xcode9.app */,
				E1847A7C1EEA97A70035D45F /* ocmock-xcode9-test.xctest */,
			);
			name = Products;
			sourceTree = "<group>";
		};
		E17E434E1EEA94CF004B9546 /* ocmock-xcode9 */ = {
			isa = PBXGroup;
			children = (
				E146955B1EEA9A5100167DDA /* Thing+CoreDataClass.h */,
				E146955C1EEA9A5100167DDA /* Thing+CoreDataClass.m */,
				E146955D1EEA9A5100167DDA /* Thing+CoreDataProperties.h */,
				E146955E1EEA9A5100167DDA /* Thing+CoreDataProperties.m */,
				E17E434F1EEA94CF004B9546 /* AppDelegate.h */,
				E17E43501EEA94CF004B9546 /* AppDelegate.m */,
				E17E43521EEA94CF004B9546 /* ViewController.h */,
				E17E43531EEA94CF004B9546 /* ViewController.m */,
				E17E43551EEA94CF004B9546 /* Main.storyboard */,
				E17E435B1EEA94CF004B9546 /* Assets.xcassets */,
				E17E435D1EEA94CF004B9546 /* LaunchScreen.storyboard */,
				E17E43601EEA94CF004B9546 /* Info.plist */,
				E17E43611EEA94CF004B9546 /* main.m */,
				E17E43581EEA94CF004B9546 /* ocmock_xcode9.xcdatamodeld */,
			);
			path = "ocmock-xcode9";
			sourceTree = "<group>";
		};
		E1847A7D1EEA97A70035D45F /* ocmock-xcode9-test */ = {
			isa = PBXGroup;
			children = (
				E1847A7E1EEA97A70035D45F /* ocmock_xcode9_test.m */,
				E1847A801EEA97A70035D45F /* Info.plist */,
			);
			path = "ocmock-xcode9-test";
			sourceTree = "<group>";
		};
/* End PBXGroup section */

/* Begin PBXNativeTarget section */
		E17E434B1EEA94CF004B9546 /* ocmock-xcode9 */ = {
			isa = PBXNativeTarget;
			buildConfigurationList = E17E43651EEA94CF004B9546 /* Build configuration list for PBXNativeTarget "ocmock-xcode9" */;
			buildPhases = (
				7A83A510DE55C593FF510C88 /* [CP] Check Pods Manifest.lock */,
				E17E43481EEA94CF004B9546 /* Sources */,
				E17E43491EEA94CF004B9546 /* Frameworks */,
				E17E434A1EEA94CF004B9546 /* Resources */,
				92DB23ADD7E384141B2B5E3A /* [CP] Embed Pods Frameworks */,
				8084089E56E99CA832BEEDEE /* [CP] Copy Pods Resources */,
			);
			buildRules = (
			);
			dependencies = (
			);
			name = "ocmock-xcode9";
			productName = "ocmock-xcode9";
			productReference = E17E434C1EEA94CF004B9546 /* ocmock-xcode9.app */;
			productType = "com.apple.product-type.application";
		};
		E1847A7B1EEA97A70035D45F /* ocmock-xcode9-test */ = {
			isa = PBXNativeTarget;
			buildConfigurationList = E1847A851EEA97A70035D45F /* Build configuration list for PBXNativeTarget "ocmock-xcode9-test" */;
			buildPhases = (
				0D3C14D58E3E16E01EC3DD64 /* [CP] Check Pods Manifest.lock */,
				E1847A781EEA97A70035D45F /* Sources */,
				E1847A791EEA97A70035D45F /* Frameworks */,
				E1847A7A1EEA97A70035D45F /* Resources */,
				BC1C2E595324A8632399F554 /* [CP] Embed Pods Frameworks */,
				494F1366722BF8007230FBF3 /* [CP] Copy Pods Resources */,
			);
			buildRules = (
			);
			dependencies = (
				E1847A821EEA97A70035D45F /* PBXTargetDependency */,
			);
			name = "ocmock-xcode9-test";
			productName = "ocmock-xcode9-test";
			productReference = E1847A7C1EEA97A70035D45F /* ocmock-xcode9-test.xctest */;
			productType = "com.apple.product-type.bundle.unit-test";
		};
/* End PBXNativeTarget section */

/* Begin PBXProject section */
		E17E43441EEA94CF004B9546 /* Project object */ = {
			isa = PBXProject;
			attributes = {
				LastUpgradeCheck = 0900;
				ORGANIZATIONNAME = "Jorge Bernal";
				TargetAttributes = {
					E17E434B1EEA94CF004B9546 = {
						CreatedOnToolsVersion = 9.0;
					};
					E1847A7B1EEA97A70035D45F = {
						CreatedOnToolsVersion = 9.0;
						TestTargetID = E17E434B1EEA94CF004B9546;
					};
				};
			};
			buildConfigurationList = E17E43471EEA94CF004B9546 /* Build configuration list for PBXProject "ocmock-xcode9" */;
			compatibilityVersion = "Xcode 8.0";
			developmentRegion = en;
			hasScannedForEncodings = 0;
			knownRegions = (
				en,
				Base,
			);
			mainGroup = E17E43431EEA94CF004B9546;
			productRefGroup = E17E434D1EEA94CF004B9546 /* Products */;
			projectDirPath = "";
			projectRoot = "";
			targets = (
				E17E434B1EEA94CF004B9546 /* ocmock-xcode9 */,
				E1847A7B1EEA97A70035D45F /* ocmock-xcode9-test */,
			);
		};
/* End PBXProject section */

/* Begin PBXResourcesBuildPhase section */
		E17E434A1EEA94CF004B9546 /* Resources */ = {
			isa = PBXResourcesBuildPhase;
			buildActionMask = 2147483647;
			files = (
				E17E435F1EEA94CF004B9546 /* LaunchScreen.storyboard in Resources */,
				E17E435C1EEA94CF004B9546 /* Assets.xcassets in Resources */,
				E17E43571EEA94CF004B9546 /* Main.storyboard in Resources */,
			);
			runOnlyForDeploymentPostprocessing = 0;
		};
		E1847A7A1EEA97A70035D45F /* Resources */ = {
			isa = PBXResourcesBuildPhase;
			buildActionMask = 2147483647;
			files = (
			);
			runOnlyForDeploymentPostprocessing = 0;
		};
/* End PBXResourcesBuildPhase section */

/* Begin PBXShellScriptBuildPhase section */
		0D3C14D58E3E16E01EC3DD64 /* [CP] Check Pods Manifest.lock */ = {
			isa = PBXShellScriptBuildPhase;
			buildActionMask = 2147483647;
			files = (
			);
			inputPaths = (
			);
			name = "[CP] Check Pods Manifest.lock";
			outputPaths = (
			);
			runOnlyForDeploymentPostprocessing = 0;
			shellPath = /bin/sh;
			shellScript = "diff \"${PODS_PODFILE_DIR_PATH}/Podfile.lock\" \"${PODS_ROOT}/Manifest.lock\" > /dev/null\nif [ $? != 0 ] ; then\n    # print error to STDERR\n    echo \"error: The sandbox is not in sync with the Podfile.lock. Run 'pod install' or update your CocoaPods installation.\" >&2\n    exit 1\nfi\n";
			showEnvVarsInLog = 0;
		};
		494F1366722BF8007230FBF3 /* [CP] Copy Pods Resources */ = {
			isa = PBXShellScriptBuildPhase;
			buildActionMask = 2147483647;
			files = (
			);
			inputPaths = (
			);
			name = "[CP] Copy Pods Resources";
			outputPaths = (
			);
			runOnlyForDeploymentPostprocessing = 0;
			shellPath = /bin/sh;
			shellScript = "\"${SRCROOT}/Pods/Target Support Files/Pods-ocmock-xcode9-test/Pods-ocmock-xcode9-test-resources.sh\"\n";
			showEnvVarsInLog = 0;
		};
		7A83A510DE55C593FF510C88 /* [CP] Check Pods Manifest.lock */ = {
			isa = PBXShellScriptBuildPhase;
			buildActionMask = 2147483647;
			files = (
			);
			inputPaths = (
			);
			name = "[CP] Check Pods Manifest.lock";
			outputPaths = (
			);
			runOnlyForDeploymentPostprocessing = 0;
			shellPath = /bin/sh;
			shellScript = "diff \"${PODS_PODFILE_DIR_PATH}/Podfile.lock\" \"${PODS_ROOT}/Manifest.lock\" > /dev/null\nif [ $? != 0 ] ; then\n    # print error to STDERR\n    echo \"error: The sandbox is not in sync with the Podfile.lock. Run 'pod install' or update your CocoaPods installation.\" >&2\n    exit 1\nfi\n";
			showEnvVarsInLog = 0;
		};
		8084089E56E99CA832BEEDEE /* [CP] Copy Pods Resources */ = {
			isa = PBXShellScriptBuildPhase;
			buildActionMask = 2147483647;
			files = (
			);
			inputPaths = (
			);
			name = "[CP] Copy Pods Resources";
			outputPaths = (
			);
			runOnlyForDeploymentPostprocessing = 0;
			shellPath = /bin/sh;
			shellScript = "\"${SRCROOT}/Pods/Target Support Files/Pods-ocmock-xcode9/Pods-ocmock-xcode9-resources.sh\"\n";
			showEnvVarsInLog = 0;
		};
		92DB23ADD7E384141B2B5E3A /* [CP] Embed Pods Frameworks */ = {
			isa = PBXShellScriptBuildPhase;
			buildActionMask = 2147483647;
			files = (
			);
			inputPaths = (
			);
			name = "[CP] Embed Pods Frameworks";
			outputPaths = (
			);
			runOnlyForDeploymentPostprocessing = 0;
			shellPath = /bin/sh;
			shellScript = "\"${SRCROOT}/Pods/Target Support Files/Pods-ocmock-xcode9/Pods-ocmock-xcode9-frameworks.sh\"\n";
			showEnvVarsInLog = 0;
		};
		BC1C2E595324A8632399F554 /* [CP] Embed Pods Frameworks */ = {
			isa = PBXShellScriptBuildPhase;
			buildActionMask = 2147483647;
			files = (
			);
			inputPaths = (
			);
			name = "[CP] Embed Pods Frameworks";
			outputPaths = (
			);
			runOnlyForDeploymentPostprocessing = 0;
			shellPath = /bin/sh;
			shellScript = "\"${SRCROOT}/Pods/Target Support Files/Pods-ocmock-xcode9-test/Pods-ocmock-xcode9-test-frameworks.sh\"\n";
			showEnvVarsInLog = 0;
		};
/* End PBXShellScriptBuildPhase section */

/* Begin PBXSourcesBuildPhase section */
		E17E43481EEA94CF004B9546 /* Sources */ = {
			isa = PBXSourcesBuildPhase;
			buildActionMask = 2147483647;
			files = (
				E17E435A1EEA94CF004B9546 /* ocmock_xcode9.xcdatamodeld in Sources */,
				E146955F1EEA9A5100167DDA /* Thing+CoreDataClass.m in Sources */,
				E14695601EEA9A5100167DDA /* Thing+CoreDataProperties.m in Sources */,
				E17E43541EEA94CF004B9546 /* ViewController.m in Sources */,
				E17E43621EEA94CF004B9546 /* main.m in Sources */,
				E17E43511EEA94CF004B9546 /* AppDelegate.m in Sources */,
			);
			runOnlyForDeploymentPostprocessing = 0;
		};
		E1847A781EEA97A70035D45F /* Sources */ = {
			isa = PBXSourcesBuildPhase;
			buildActionMask = 2147483647;
			files = (
				E1847A7F1EEA97A70035D45F /* ocmock_xcode9_test.m in Sources */,
			);
			runOnlyForDeploymentPostprocessing = 0;
		};
/* End PBXSourcesBuildPhase section */

/* Begin PBXTargetDependency section */
		E1847A821EEA97A70035D45F /* PBXTargetDependency */ = {
			isa = PBXTargetDependency;
			target = E17E434B1EEA94CF004B9546 /* ocmock-xcode9 */;
			targetProxy = E1847A811EEA97A70035D45F /* PBXContainerItemProxy */;
		};
/* End PBXTargetDependency section */

/* Begin PBXVariantGroup section */
		E17E43551EEA94CF004B9546 /* Main.storyboard */ = {
			isa = PBXVariantGroup;
			children = (
				E17E43561EEA94CF004B9546 /* Base */,
			);
			name = Main.storyboard;
			sourceTree = "<group>";
		};
		E17E435D1EEA94CF004B9546 /* LaunchScreen.storyboard */ = {
			isa = PBXVariantGroup;
			children = (
				E17E435E1EEA94CF004B9546 /* Base */,
			);
			name = LaunchScreen.storyboard;
			sourceTree = "<group>";
		};
/* End PBXVariantGroup section */

/* Begin XCBuildConfiguration section */
		E17E43631EEA94CF004B9546 /* Debug */ = {
			isa = XCBuildConfiguration;
			buildSettings = {
				ALWAYS_SEARCH_USER_PATHS = NO;
				CLANG_ANALYZER_NONNULL = YES;
				CLANG_ANALYZER_NUMBER_OBJECT_CONVERSION = YES_AGGRESSIVE;
				CLANG_CXX_LANGUAGE_STANDARD = "gnu++14";
				CLANG_CXX_LIBRARY = "libc++";
				CLANG_ENABLE_MODULES = YES;
				CLANG_ENABLE_OBJC_ARC = YES;
				CLANG_WARN_BLOCK_CAPTURE_AUTORELEASING = YES;
				CLANG_WARN_BOOL_CONVERSION = YES;
				CLANG_WARN_COMMA = YES;
				CLANG_WARN_CONSTANT_CONVERSION = YES;
				CLANG_WARN_DIRECT_OBJC_ISA_USAGE = YES_ERROR;
				CLANG_WARN_DOCUMENTATION_COMMENTS = YES;
				CLANG_WARN_EMPTY_BODY = YES;
				CLANG_WARN_ENUM_CONVERSION = YES;
				CLANG_WARN_INFINITE_RECURSION = YES;
				CLANG_WARN_INT_CONVERSION = YES;
				CLANG_WARN_OBJC_ROOT_CLASS = YES_ERROR;
				CLANG_WARN_RANGE_LOOP_ANALYSIS = YES;
				CLANG_WARN_STRICT_PROTOTYPES = YES;
				CLANG_WARN_SUSPICIOUS_MOVE = YES;
				CLANG_WARN_UNGUARDED_AVAILABILITY = YES_AGGRESSIVE;
				CLANG_WARN_UNREACHABLE_CODE = YES;
				CLANG_WARN__DUPLICATE_METHOD_MATCH = YES;
				CODE_SIGN_IDENTITY = "iPhone Developer";
				COPY_PHASE_STRIP = NO;
				DEBUG_INFORMATION_FORMAT = dwarf;
				ENABLE_STRICT_OBJC_MSGSEND = YES;
				ENABLE_TESTABILITY = YES;
				GCC_C_LANGUAGE_STANDARD = gnu11;
				GCC_DYNAMIC_NO_PIC = NO;
				GCC_NO_COMMON_BLOCKS = YES;
				GCC_OPTIMIZATION_LEVEL = 0;
				GCC_PREPROCESSOR_DEFINITIONS = (
					"DEBUG=1",
					"$(inherited)",
				);
				GCC_WARN_64_TO_32_BIT_CONVERSION = YES;
				GCC_WARN_ABOUT_RETURN_TYPE = YES_ERROR;
				GCC_WARN_UNDECLARED_SELECTOR = YES;
				GCC_WARN_UNINITIALIZED_AUTOS = YES_AGGRESSIVE;
				GCC_WARN_UNUSED_FUNCTION = YES;
				GCC_WARN_UNUSED_VARIABLE = YES;
				IPHONEOS_DEPLOYMENT_TARGET = 11.0;
				MTL_ENABLE_DEBUG_INFO = YES;
				ONLY_ACTIVE_ARCH = YES;
				SDKROOT = iphoneos;
			};
			name = Debug;
		};
		E17E43641EEA94CF004B9546 /* Release */ = {
			isa = XCBuildConfiguration;
			buildSettings = {
				ALWAYS_SEARCH_USER_PATHS = NO;
				CLANG_ANALYZER_NONNULL = YES;
				CLANG_ANALYZER_NUMBER_OBJECT_CONVERSION = YES_AGGRESSIVE;
				CLANG_CXX_LANGUAGE_STANDARD = "gnu++14";
				CLANG_CXX_LIBRARY = "libc++";
				CLANG_ENABLE_MODULES = YES;
				CLANG_ENABLE_OBJC_ARC = YES;
				CLANG_WARN_BLOCK_CAPTURE_AUTORELEASING = YES;
				CLANG_WARN_BOOL_CONVERSION = YES;
				CLANG_WARN_COMMA = YES;
				CLANG_WARN_CONSTANT_CONVERSION = YES;
				CLANG_WARN_DIRECT_OBJC_ISA_USAGE = YES_ERROR;
				CLANG_WARN_DOCUMENTATION_COMMENTS = YES;
				CLANG_WARN_EMPTY_BODY = YES;
				CLANG_WARN_ENUM_CONVERSION = YES;
				CLANG_WARN_INFINITE_RECURSION = YES;
				CLANG_WARN_INT_CONVERSION = YES;
				CLANG_WARN_OBJC_ROOT_CLASS = YES_ERROR;
				CLANG_WARN_RANGE_LOOP_ANALYSIS = YES;
				CLANG_WARN_STRICT_PROTOTYPES = YES;
				CLANG_WARN_SUSPICIOUS_MOVE = YES;
				CLANG_WARN_UNGUARDED_AVAILABILITY = YES_AGGRESSIVE;
				CLANG_WARN_UNREACHABLE_CODE = YES;
				CLANG_WARN__DUPLICATE_METHOD_MATCH = YES;
				CODE_SIGN_IDENTITY = "iPhone Developer";
				COPY_PHASE_STRIP = NO;
				DEBUG_INFORMATION_FORMAT = "dwarf-with-dsym";
				ENABLE_NS_ASSERTIONS = NO;
				ENABLE_STRICT_OBJC_MSGSEND = YES;
				GCC_C_LANGUAGE_STANDARD = gnu11;
				GCC_NO_COMMON_BLOCKS = YES;
				GCC_WARN_64_TO_32_BIT_CONVERSION = YES;
				GCC_WARN_ABOUT_RETURN_TYPE = YES_ERROR;
				GCC_WARN_UNDECLARED_SELECTOR = YES;
				GCC_WARN_UNINITIALIZED_AUTOS = YES_AGGRESSIVE;
				GCC_WARN_UNUSED_FUNCTION = YES;
				GCC_WARN_UNUSED_VARIABLE = YES;
				IPHONEOS_DEPLOYMENT_TARGET = 11.0;
				MTL_ENABLE_DEBUG_INFO = NO;
				SDKROOT = iphoneos;
				VALIDATE_PRODUCT = YES;
			};
			name = Release;
		};
		E17E43661EEA94CF004B9546 /* Debug */ = {
			isa = XCBuildConfiguration;
			baseConfigurationReference = 65C9D9E7DA9BDBF07B82C7EA /* Pods-ocmock-xcode9.debug.xcconfig */;
			buildSettings = {
				ASSETCATALOG_COMPILER_APPICON_NAME = AppIcon;
				DEVELOPMENT_TEAM = HLSVBKU65S;
				INFOPLIST_FILE = "ocmock-xcode9/Info.plist";
				LD_RUNPATH_SEARCH_PATHS = "$(inherited) @executable_path/Frameworks";
				PRODUCT_BUNDLE_IDENTIFIER = "me.koke.ocmock-xcode9";
				PRODUCT_NAME = "$(TARGET_NAME)";
				TARGETED_DEVICE_FAMILY = "1,2";
			};
			name = Debug;
		};
		E17E43671EEA94CF004B9546 /* Release */ = {
			isa = XCBuildConfiguration;
			baseConfigurationReference = 9C38FCC27267B4C6769EB12A /* Pods-ocmock-xcode9.release.xcconfig */;
			buildSettings = {
				ASSETCATALOG_COMPILER_APPICON_NAME = AppIcon;
				DEVELOPMENT_TEAM = HLSVBKU65S;
				INFOPLIST_FILE = "ocmock-xcode9/Info.plist";
				LD_RUNPATH_SEARCH_PATHS = "$(inherited) @executable_path/Frameworks";
				PRODUCT_BUNDLE_IDENTIFIER = "me.koke.ocmock-xcode9";
				PRODUCT_NAME = "$(TARGET_NAME)";
				TARGETED_DEVICE_FAMILY = "1,2";
			};
			name = Release;
		};
		E1847A831EEA97A70035D45F /* Debug */ = {
			isa = XCBuildConfiguration;
			baseConfigurationReference = 4FDD522CF9761E05195846CB /* Pods-ocmock-xcode9-test.debug.xcconfig */;
			buildSettings = {
				BUNDLE_LOADER = "$(TEST_HOST)";
				DEVELOPMENT_TEAM = HLSVBKU65S;
				INFOPLIST_FILE = "ocmock-xcode9-test/Info.plist";
				LD_RUNPATH_SEARCH_PATHS = "$(inherited) @executable_path/Frameworks @loader_path/Frameworks";
				PRODUCT_BUNDLE_IDENTIFIER = "me.koke.ocmock-xcode9-test";
				PRODUCT_NAME = "$(TARGET_NAME)";
				TARGETED_DEVICE_FAMILY = "1,2";
				TEST_HOST = "$(BUILT_PRODUCTS_DIR)/ocmock-xcode9.app/ocmock-xcode9";
			};
			name = Debug;
		};
		E1847A841EEA97A70035D45F /* Release */ = {
			isa = XCBuildConfiguration;
			baseConfigurationReference = A86B458247B0F7524B93816B /* Pods-ocmock-xcode9-test.release.xcconfig */;
			buildSettings = {
				BUNDLE_LOADER = "$(TEST_HOST)";
				DEVELOPMENT_TEAM = HLSVBKU65S;
				INFOPLIST_FILE = "ocmock-xcode9-test/Info.plist";
				LD_RUNPATH_SEARCH_PATHS = "$(inherited) @executable_path/Frameworks @loader_path/Frameworks";
				PRODUCT_BUNDLE_IDENTIFIER = "me.koke.ocmock-xcode9-test";
				PRODUCT_NAME = "$(TARGET_NAME)";
				TARGETED_DEVICE_FAMILY = "1,2";
				TEST_HOST = "$(BUILT_PRODUCTS_DIR)/ocmock-xcode9.app/ocmock-xcode9";
			};
			name = Release;
		};
/* End XCBuildConfiguration section */

/* Begin XCConfigurationList section */
		E17E43471EEA94CF004B9546 /* Build configuration list for PBXProject "ocmock-xcode9" */ = {
			isa = XCConfigurationList;
			buildConfigurations = (
				E17E43631EEA94CF004B9546 /* Debug */,
				E17E43641EEA94CF004B9546 /* Release */,
			);
			defaultConfigurationIsVisible = 0;
			defaultConfigurationName = Release;
		};
		E17E43651EEA94CF004B9546 /* Build configuration list for PBXNativeTarget "ocmock-xcode9" */ = {
			isa = XCConfigurationList;
			buildConfigurations = (
				E17E43661EEA94CF004B9546 /* Debug */,
				E17E43671EEA94CF004B9546 /* Release */,
			);
			defaultConfigurationIsVisible = 0;
			defaultConfigurationName = Release;
		};
		E1847A851EEA97A70035D45F /* Build configuration list for PBXNativeTarget "ocmock-xcode9-test" */ = {
			isa = XCConfigurationList;
			buildConfigurations = (
				E1847A831EEA97A70035D45F /* Debug */,
				E1847A841EEA97A70035D45F /* Release */,
			);
			defaultConfigurationIsVisible = 0;
			defaultConfigurationName = Release;
		};
/* End XCConfigurationList section */

/* Begin XCVersionGroup section */
		E17E43581EEA94CF004B9546 /* ocmock_xcode9.xcdatamodeld */ = {
			isa = XCVersionGroup;
			children = (
				E17E43591EEA94CF004B9546 /* ocmock_xcode9.xcdatamodel */,
			);
			currentVersion = E17E43591EEA94CF004B9546 /* ocmock_xcode9.xcdatamodel */;
			path = ocmock_xcode9.xcdatamodeld;
			sourceTree = "<group>";
			versionGroupType = wrapper.xcdatamodel;
		};
/* End XCVersionGroup section */
	};
	rootObject = E17E43441EEA94CF004B9546 /* Project object */;
}
